
Microsoft Visual Studio Solution File, Format Version 12.00
# Visual Studio Version 17
VisualStudioVersion = 17.9.34607.119
MinimumVisualStudioVersion = 10.0.40219.1
Project("{FAE04EC0-301F-11D3-BF4B-00C04F79EFBC}") = "grocery", "grocery\grocery.csproj", "{38552B61-7C79-4520-8184-138FB14A217D}"
EndProject
Project("{FAE04EC0-301F-11D3-BF4B-00C04F79EFBC}") = "BLLgrocery", "BLLgrocery\BLLgrocery.csproj", "{CE812B3A-5CEC-4E12-B51C-B677AB972F29}"
EndProject
Project("{FAE04EC0-301F-11D3-BF4B-00C04F79EFBC}") = "DALgrocery", "DALgrocery\DALgrocery.csproj", "{50E5987D-42AE-4450-9590-4C5B71473328}"
EndProject
Global
	GlobalSection(SolutionConfigurationPlatforms) = preSolution
		Debug|Any CPU = Debug|Any CPU
		Release|Any CPU = Release|Any CPU
	EndGlobalSection
	GlobalSection(ProjectConfigurationPlatforms) = postSolution
		{38552B61-7C79-4520-8184-138FB14A217D}.Debug|Any CPU.ActiveCfg = Debug|Any CPU
		{38552B61-7C79-4520-8184-138FB14A217D}.Debug|Any CPU.Build.0 = Debug|Any CPU
		{38552B61-7C79-4520-8184-138FB14A217D}.Release|Any CPU.ActiveCfg = Release|Any CPU
		{38552B61-7C79-4520-8184-138FB14A217D}.Release|Any CPU.Build.0 = Release|Any CPU
		{CE812B3A-5CEC-4E12-B51C-B677AB972F29}.Debug|Any CPU.ActiveCfg = Debug|Any CPU
		{CE812B3A-5CEC-4E12-B51C-B677AB972F29}.Debug|Any CPU.Build.0 = Debug|Any CPU
		{CE812B3A-5CEC-4E12-B51C-B677AB972F29}.Release|Any CPU.ActiveCfg = Release|Any CPU
		{CE812B3A-5CEC-4E12-B51C-B677AB972F29}.Release|Any CPU.Build.0 = Release|Any CPU
		{50E5987D-42AE-4450-9590-4C5B71473328}.Debug|Any CPU.ActiveCfg = Debug|Any CPU
		{50E5987D-42AE-4450-9590-4C5B71473328}.Debug|Any CPU.Build.0 = Debug|Any CPU
		{50E5987D-42AE-4450-9590-4C5B71473328}.Release|Any CPU.ActiveCfg = Release|Any CPU
		{50E5987D-42AE-4450-9590-4C5B71473328}.Release|Any CPU.Build.0 = Release|Any CPU
	EndGlobalSection
	GlobalSection(SolutionProperties) = preSolution
		HideSolutionNode = FALSE
	EndGlobalSection
	GlobalSection(ExtensibilityGlobals) = postSolution
		SolutionGuid = {1D672FB3-BC15-44B9-9E99-AF315FB9B741}
	EndGlobalSection
EndGlobal
